Microsoft Visual Studio Solution File, Format Version 12.00
# Visual Studio Version 17
VisualStudioVersion = 17.5.2.0
MinimumVisualStudioVersion = 10.0.40219.1
Project("{FAE04EC0-301F-11D3-BF4B-00C04F79EFBC}") = "FreeBirds", "FreeBirds.csproj", "{B5A3B750-E829-D057-0724-8F8A1CA08D6E}"
EndProject
Global
	GlobalSection(SolutionConfigurationPlatforms) = preSolution
		Debug|Any CPU = Debug|Any CPU
		Release|Any CPU = Release|Any CPU
	EndGlobalSection
	GlobalSection(ProjectConfigurationPlatforms) = postSolution
		{B5A3B750-E829-D057-0724-8F8A1CA08D6E}.Debug|Any CPU.ActiveCfg = Debug|Any CPU
		{B5A3B750-E829-D057-0724-8F8A1CA08D6E}.Debug|Any CPU.Build.0 = Debug|Any CPU
		{B5A3B750-E829-D057-0724-8F8A1CA08D6E}.Release|Any CPU.ActiveCfg = Release|Any CPU
		{B5A3B750-E829-D057-0724-8F8A1CA08D6E}.Release|Any CPU.Build.0 = Release|Any CPU
	EndGlobalSection
	GlobalSection(SolutionProperties) = preSolution
		HideSolutionNode = FALSE
	EndGlobalSection
	GlobalSection(ExtensibilityGlobals) = postSolution
		SolutionGuid = {550A6D8B-DBB8-40B6-89DC-3732777EAB05}
	EndGlobalSection
EndGlobal
